
Microsoft Visual Studio Solution File, Format Version 12.00
# Visual Studio Version 16
VisualStudioVersion = 16.0.29911.84
MinimumVisualStudioVersion = 10.0.40219.1
Project("{FAE04EC0-301F-11D3-BF4B-00C04F79EFBC}") = "ShopBanHang", "ShopBanHang\ShopBanHang.csproj", "{4E24FD30-ACE7-4FE9-9903-BA92AB06285E}"
EndProject
Project("{2150E333-8FDC-42A3-9474-1A3956D46DE8}") = "Solution Items", "Solution Items", "{7167F501-C3C2-4079-A6B5-3C0F05B78E86}"
	ProjectSection(SolutionItems) = preProject
		README.md = README.md
	EndProjectSection
EndProject
Project("{FAE04EC0-301F-11D3-BF4B-00C04F79EFBC}") = "ShopBanHang.Data", "ShopBanHang.Data\ShopBanHang.Data.csproj", "{0F34E318-FBAE-42D4-975A-689DBDAD0376}"
EndProject
Project("{FAE04EC0-301F-11D3-BF4B-00C04F79EFBC}") = "ShopBanHang.Application", "ShopBanHang.Application\ShopBanHang.Application.csproj", "{23D39E72-827D-430E-8FEA-AE6E51274CE8}"
EndProject
Global
	GlobalSection(SolutionConfigurationPlatforms) = preSolution
		Debug|Any CPU = Debug|Any CPU
		Release|Any CPU = Release|Any CPU
	EndGlobalSection
	GlobalSection(ProjectConfigurationPlatforms) = postSolution
		{4E24FD30-ACE7-4FE9-9903-BA92AB06285E}.Debug|Any CPU.ActiveCfg = Debug|Any CPU
		{4E24FD30-ACE7-4FE9-9903-BA92AB06285E}.Debug|Any CPU.Build.0 = Debug|Any CPU
		{4E24FD30-ACE7-4FE9-9903-BA92AB06285E}.Release|Any CPU.ActiveCfg = Release|Any CPU
		{4E24FD30-ACE7-4FE9-9903-BA92AB06285E}.Release|Any CPU.Build.0 = Release|Any CPU
		{0F34E318-FBAE-42D4-975A-689DBDAD0376}.Debug|Any CPU.ActiveCfg = Debug|Any CPU
		{0F34E318-FBAE-42D4-975A-689DBDAD0376}.Debug|Any CPU.Build.0 = Debug|Any CPU
		{0F34E318-FBAE-42D4-975A-689DBDAD0376}.Release|Any CPU.ActiveCfg = Release|Any CPU
		{0F34E318-FBAE-42D4-975A-689DBDAD0376}.Release|Any CPU.Build.0 = Release|Any CPU
		{23D39E72-827D-430E-8FEA-AE6E51274CE8}.Debug|Any CPU.ActiveCfg = Debug|Any CPU
		{23D39E72-827D-430E-8FEA-AE6E51274CE8}.Debug|Any CPU.Build.0 = Debug|Any CPU
		{23D39E72-827D-430E-8FEA-AE6E51274CE8}.Release|Any CPU.ActiveCfg = Release|Any CPU
		{23D39E72-827D-430E-8FEA-AE6E51274CE8}.Release|Any CPU.Build.0 = Release|Any CPU
	EndGlobalSection
	GlobalSection(SolutionProperties) = preSolution
		HideSolutionNode = FALSE
	EndGlobalSection
	GlobalSection(ExtensibilityGlobals) = postSolution
		SolutionGuid = {9FA212B0-E2B4-49B2-B7A5-4B098E69E116}
	EndGlobalSection
EndGlobal
